# This file is automatically @generated by Cargo.
# It is not intended for manual editing.
version = 4

[[package]]
name = "openkey-boot"
version = "0.1.0"
dependencies = [
 "openkey-platform",
]

[[package]]
name = "openkey-config"
version = "0.1.0"
dependencies = [
 "openkey-platform",
]

[[package]]
name = "openkey-core"
version = "0.1.0"
dependencies = [
 "openkey-platform",
]

[[package]]
name = "openkey-crypto"
version = "0.1.0"
dependencies = [
 "openkey-core",
]

[[package]]
name = "openkey-platform"
version = "0.1.0"

[[package]]
name = "openkey-protocols"
version = "0.1.0"
dependencies = [
 "openkey-core",
]

[[package]]
name = "openkey-simulator"
version = "0.1.0"
dependencies = [
 "openkey-core",
 "openkey-platform",
]

[[package]]
name = "openkey-storage"
version = "0.1.0"
dependencies = [
 "openkey-core",
]

[[package]]
name = "openkey-target-rp2350"
version = "0.1.0"
dependencies = [
 "openkey-core",
 "openkey-platform",
]

[[package]]
name = "openkey-usb"
version = "0.1.0"
dependencies = [
 "openkey-platform",
]
